// !$*UTF8*$!
{
	archiveVersion = 1;
	classes = {
	};
	objectVersion = 50;
	objects = {

/* Begin PBXBuildFile section */
		DE01191225CD3A3800D0BB87 /* AppDelegate.swift in Sources */ = {isa = PBXBuildFile; fileRef = DE01191125CD3A3800D0BB87 /* AppDelegate.swift */; };
		DE01191425CD3A3800D0BB87 /* SceneDelegate.swift in Sources */ = {isa = PBXBuildFile; fileRef = DE01191325CD3A3800D0BB87 /* SceneDelegate.swift */; };
		DE01191925CD3A3800D0BB87 /* Main.storyboard in Resources */ = {isa = PBXBuildFile; fileRef = DE01191725CD3A3800D0BB87 /* Main.storyboard */; };
		DE01191B25CD3A3900D0BB87 /* Assets.xcassets in Resources */ = {isa = PBXBuildFile; fileRef = DE01191A25CD3A3900D0BB87 /* Assets.xcassets */; };
		DE01191E25CD3A3900D0BB87 /* LaunchScreen.storyboard in Resources */ = {isa = PBXBuildFile; fileRef = DE01191C25CD3A3900D0BB87 /* LaunchScreen.storyboard */; };
		DE01192C25CD3B3900D0BB87 /* RestaurantTableViewController.swift in Sources */ = {isa = PBXBuildFile; fileRef = DE01192B25CD3B3900D0BB87 /* RestaurantTableViewController.swift */; };
		DE01192F25CD415B00D0BB87 /* RestaurantTableViewCell.swift in Sources */ = {isa = PBXBuildFile; fileRef = DE01192E25CD415B00D0BB87 /* RestaurantTableViewCell.swift */; };
		DE01193225CD446200D0BB87 /* Restaurant.swift in Sources */ = {isa = PBXBuildFile; fileRef = DE01193125CD446200D0BB87 /* Restaurant.swift */; };
		DE22552E25D162C10047B8F0 /* RestaurantDetailsViewController.swift in Sources */ = {isa = PBXBuildFile; fileRef = DE22552D25D162C10047B8F0 /* RestaurantDetailsViewController.swift */; };
		DE22553825D178E60047B8F0 /* Nunito-Bold.ttf in Resources */ = {isa = PBXBuildFile; fileRef = DE22553625D178E60047B8F0 /* Nunito-Bold.ttf */; };
		DE22553925D178E60047B8F0 /* Nunito-Regular.ttf in Resources */ = {isa = PBXBuildFile; fileRef = DE22553725D178E60047B8F0 /* Nunito-Regular.ttf */; };
		DE22553C25D180FF0047B8F0 /* RestaurantDetailsHeaderView.swift in Sources */ = {isa = PBXBuildFile; fileRef = DE22553B25D180FF0047B8F0 /* RestaurantDetailsHeaderView.swift */; };
		DE25CBE225DBF700009B2098 /* UIColor+Extensions.swift in Sources */ = {isa = PBXBuildFile; fileRef = DE25CBE125DBF700009B2098 /* UIColor+Extensions.swift */; };
		DE25CBE525DC05B9009B2098 /* NavigationController.swift in Sources */ = {isa = PBXBuildFile; fileRef = DE25CBE425DC05B9009B2098 /* NavigationController.swift */; };
		DE7FE72925CD80F600A075AA /* RestaurantTableViewController+Extensions.swift in Sources */ = {isa = PBXBuildFile; fileRef = DE7FE72825CD80F600A075AA /* RestaurantTableViewController+Extensions.swift */; };
		DE7FE72C25CD84DB00A075AA /* RestaurantDiffableDataSource.swift in Sources */ = {isa = PBXBuildFile; fileRef = DE7FE72B25CD84DB00A075AA /* RestaurantDiffableDataSource.swift */; };
		DED1117B25DAB46200B946A9 /* RestaurantDetailTextCell.swift in Sources */ = {isa = PBXBuildFile; fileRef = DED1117A25DAB46200B946A9 /* RestaurantDetailTextCell.swift */; };
		DED1117E25DAB64000B946A9 /* RestaurantDetailTwoColumnCell.swift in Sources */ = {isa = PBXBuildFile; fileRef = DED1117D25DAB64000B946A9 /* RestaurantDetailTwoColumnCell.swift */; };
/* End PBXBuildFile section */

/* Begin PBXFileReference section */
		DE01190E25CD3A3800D0BB87 /* FoodPin.app */ = {isa = PBXFileReference; explicitFileType = wrapper.application; includeInIndex = 0; path = FoodPin.app; sourceTree = BUILT_PRODUCTS_DIR; };
		DE01191125CD3A3800D0BB87 /* AppDelegate.swift */ = {isa = PBXFileReference; lastKnownFileType = sourcecode.swift; path = AppDelegate.swift; sourceTree = "<group>"; };
		DE01191325CD3A3800D0BB87 /* SceneDelegate.swift */ = {isa = PBXFileReference; lastKnownFileType = sourcecode.swift; path = SceneDelegate.swift; sourceTree = "<group>"; };
		DE01191825CD3A3800D0BB87 /* Base */ = {isa = PBXFileReference; lastKnownFileType = file.storyboard; name = Base; path = Base.lproj/Main.storyboard; sourceTree = "<group>"; };
		DE01191A25CD3A3900D0BB87 /* Assets.xcassets */ = {isa = PBXFileReference; lastKnownFileType = folder.assetcatalog; path = Assets.xcassets; sourceTree = "<group>"; };
		DE01191D25CD3A3900D0BB87 /* Base */ = {isa = PBXFileReference; lastKnownFileType = file.storyboard; name = Base; path = Base.lproj/LaunchScreen.storyboard; sourceTree = "<group>"; };
		DE01191F25CD3A3900D0BB87 /* Info.plist */ = {isa = PBXFileReference; lastKnownFileType = text.plist.xml; path = Info.plist; sourceTree = "<group>"; };
		DE01192B25CD3B3900D0BB87 /* RestaurantTableViewController.swift */ = {isa = PBXFileReference; lastKnownFileType = sourcecode.swift; path = RestaurantTableViewController.swift; sourceTree = "<group>"; };
		DE01192E25CD415B00D0BB87 /* RestaurantTableViewCell.swift */ = {isa = PBXFileReference; lastKnownFileType = sourcecode.swift; path = RestaurantTableViewCell.swift; sourceTree = "<group>"; };
		DE01193125CD446200D0BB87 /* Restaurant.swift */ = {isa = PBXFileReference; lastKnownFileType = sourcecode.swift; path = Restaurant.swift; sourceTree = "<group>"; };
		DE22552D25D162C10047B8F0 /* RestaurantDetailsViewController.swift */ = {isa = PBXFileReference; lastKnownFileType = sourcecode.swift; path = RestaurantDetailsViewController.swift; sourceTree = "<group>"; };
		DE22553625D178E60047B8F0 /* Nunito-Bold.ttf */ = {isa = PBXFileReference; lastKnownFileType = file; path = "Nunito-Bold.ttf"; sourceTree = "<group>"; };
		DE22553725D178E60047B8F0 /* Nunito-Regular.ttf */ = {isa = PBXFileReference; lastKnownFileType = file; path = "Nunito-Regular.ttf"; sourceTree = "<group>"; };
		DE22553B25D180FF0047B8F0 /* RestaurantDetailsHeaderView.swift */ = {isa = PBXFileReference; lastKnownFileType = sourcecode.swift; path = RestaurantDetailsHeaderView.swift; sourceTree = "<group>"; };
		DE25CBE125DBF700009B2098 /* UIColor+Extensions.swift */ = {isa = PBXFileReference; lastKnownFileType = sourcecode.swift; path = "UIColor+Extensions.swift"; sourceTree = "<group>"; };
		DE25CBE425DC05B9009B2098 /* NavigationController.swift */ = {isa = PBXFileReference; lastKnownFileType = sourcecode.swift; path = NavigationController.swift; sourceTree = "<group>"; };
		DE7FE72825CD80F600A075AA /* RestaurantTableViewController+Extensions.swift */ = {isa = PBXFileReference; lastKnownFileType = sourcecode.swift; path = "RestaurantTableViewController+Extensions.swift"; sourceTree = "<group>"; };
		DE7FE72B25CD84DB00A075AA /* RestaurantDiffableDataSource.swift */ = {isa = PBXFileReference; lastKnownFileType = sourcecode.swift; path = RestaurantDiffableDataSource.swift; sourceTree = "<group>"; };
		DED1117A25DAB46200B946A9 /* RestaurantDetailTextCell.swift */ = {isa = PBXFileReference; lastKnownFileType = sourcecode.swift; path = RestaurantDetailTextCell.swift; sourceTree = "<group>"; };
		DED1117D25DAB64000B946A9 /* RestaurantDetailTwoColumnCell.swift */ = {isa = PBXFileReference; lastKnownFileType = sourcecode.swift; path = RestaurantDetailTwoColumnCell.swift; sourceTree = "<group>"; };
/* End PBXFileReference section */

/* Begin PBXFrameworksBuildPhase section */
		DE01190B25CD3A3800D0BB87 /* Frameworks */ = {
			isa = PBXFrameworksBuildPhase;
			buildActionMask = 2147483647;
			files = (
			);
			runOnlyForDeploymentPostprocessing = 0;
		};
/* End PBXFrameworksBuildPhase section */

/* Begin PBXGroup section */
		DE01190525CD3A3800D0BB87 = {
			isa = PBXGroup;
			children = (
				DE01191025CD3A3800D0BB87 /* FoodPin */,
				DE01190F25CD3A3800D0BB87 /* Products */,
			);
			sourceTree = "<group>";
		};
		DE01190F25CD3A3800D0BB87 /* Products */ = {
			isa = PBXGroup;
			children = (
				DE01190E25CD3A3800D0BB87 /* FoodPin.app */,
			);
			name = Products;
			sourceTree = "<group>";
		};
		DE01191025CD3A3800D0BB87 /* FoodPin */ = {
			isa = PBXGroup;
			children = (
				DE01192725CD3A5400D0BB87 /* AppDelegate */,
				DE25CBE025DBF6D2009B2098 /* Extensions */,
				DE01192625CD3A4D00D0BB87 /* Features */,
				DE01192825CD3A5900D0BB87 /* Resources */,
			);
			path = FoodPin;
			sourceTree = "<group>";
		};
		DE01192625CD3A4D00D0BB87 /* Features */ = {
			isa = PBXGroup;
			children = (
				DE01191C25CD3A3900D0BB87 /* LaunchScreen.storyboard */,
				DE01193525CD7DE800D0BB87 /* Restaurant */,
				DE22552925D162650047B8F0 /* RestaurantDetails */,
			);
			path = Features;
			sourceTree = "<group>";
		};
		DE01192725CD3A5400D0BB87 /* AppDelegate */ = {
			isa = PBXGroup;
			children = (
				DE01191125CD3A3800D0BB87 /* AppDelegate.swift */,
				DE01191325CD3A3800D0BB87 /* SceneDelegate.swift */,
			);
			path = AppDelegate;
			sourceTree = "<group>";
		};
		DE01192825CD3A5900D0BB87 /* Resources */ = {
			isa = PBXGroup;
			children = (
				DE22553525D178AE0047B8F0 /* Fonts */,
				DE01191A25CD3A3900D0BB87 /* Assets.xcassets */,
				DE01191F25CD3A3900D0BB87 /* Info.plist */,
			);
			path = Resources;
			sourceTree = "<group>";
		};
		DE01193525CD7DE800D0BB87 /* Restaurant */ = {
			isa = PBXGroup;
			children = (
				DE01193725CD7DF500D0BB87 /* Controllers */,
				DE01193625CD7DEF00D0BB87 /* Models */,
				DE01193825CD7DFB00D0BB87 /* Views */,
			);
			path = Restaurant;
			sourceTree = "<group>";
		};
		DE01193625CD7DEF00D0BB87 /* Models */ = {
			isa = PBXGroup;
			children = (
				DE01193125CD446200D0BB87 /* Restaurant.swift */,
				DE7FE72B25CD84DB00A075AA /* RestaurantDiffableDataSource.swift */,
			);
			path = Models;
			sourceTree = "<group>";
		};
		DE01193725CD7DF500D0BB87 /* Controllers */ = {
			isa = PBXGroup;
			children = (
				DE01192B25CD3B3900D0BB87 /* RestaurantTableViewController.swift */,
				DE7FE72825CD80F600A075AA /* RestaurantTableViewController+Extensions.swift */,
				DE25CBE425DC05B9009B2098 /* NavigationController.swift */,
			);
			path = Controllers;
			sourceTree = "<group>";
		};
		DE01193825CD7DFB00D0BB87 /* Views */ = {
			isa = PBXGroup;
			children = (
				DE01191725CD3A3800D0BB87 /* Main.storyboard */,
				DE01192E25CD415B00D0BB87 /* RestaurantTableViewCell.swift */,
			);
			path = Views;
			sourceTree = "<group>";
		};
		DE22552925D162650047B8F0 /* RestaurantDetails */ = {
			isa = PBXGroup;
			children = (
				DE22552C25D162780047B8F0 /* Controllers */,
				DE22552A25D162700047B8F0 /* Models */,
				DE22552B25D162750047B8F0 /* Views */,
			);
			path = RestaurantDetails;
			sourceTree = "<group>";
		};
		DE22552A25D162700047B8F0 /* Models */ = {
			isa = PBXGroup;
			children = (
			);
			path = Models;
			sourceTree = "<group>";
		};
		DE22552B25D162750047B8F0 /* Views */ = {
			isa = PBXGroup;
			children = (
				DE22553B25D180FF0047B8F0 /* RestaurantDetailsHeaderView.swift */,
				DED1117A25DAB46200B946A9 /* RestaurantDetailTextCell.swift */,
				DED1117D25DAB64000B946A9 /* RestaurantDetailTwoColumnCell.swift */,
			);
			path = Views;
			sourceTree = "<group>";
		};
		DE22552C25D162780047B8F0 /* Controllers */ = {
			isa = PBXGroup;
			children = (
				DE22552D25D162C10047B8F0 /* RestaurantDetailsViewController.swift */,
			);
			path = Controllers;
			sourceTree = "<group>";
		};
		DE22553525D178AE0047B8F0 /* Fonts */ = {
			isa = PBXGroup;
			children = (
				DE22553625D178E60047B8F0 /* Nunito-Bold.ttf */,
				DE22553725D178E60047B8F0 /* Nunito-Regular.ttf */,
			);
			path = Fonts;
			sourceTree = "<group>";
		};
		DE25CBE025DBF6D2009B2098 /* Extensions */ = {
			isa = PBXGroup;
			children = (
				DE25CBE125DBF700009B2098 /* UIColor+Extensions.swift */,
			);
			path = Extensions;
			sourceTree = "<group>";
		};
/* End PBXGroup section */

/* Begin PBXNativeTarget section */
		DE01190D25CD3A3800D0BB87 /* FoodPin */ = {
			isa = PBXNativeTarget;
			buildConfigurationList = DE01192225CD3A3900D0BB87 /* Build configuration list for PBXNativeTarget "FoodPin" */;
			buildPhases = (
				DE01190A25CD3A3800D0BB87 /* Sources */,
				DE01190B25CD3A3800D0BB87 /* Frameworks */,
				DE01190C25CD3A3800D0BB87 /* Resources */,
			);
			buildRules = (
			);
			dependencies = (
			);
			name = FoodPin;
			productName = FoodPin;
			productReference = DE01190E25CD3A3800D0BB87 /* FoodPin.app */;
			productType = "com.apple.product-type.application";
		};
/* End PBXNativeTarget section */

/* Begin PBXProject section */
		DE01190625CD3A3800D0BB87 /* Project object */ = {
			isa = PBXProject;
			attributes = {
				LastSwiftUpdateCheck = 1240;
				LastUpgradeCheck = 1240;
				TargetAttributes = {
					DE01190D25CD3A3800D0BB87 = {
						CreatedOnToolsVersion = 12.4;
					};
				};
			};
			buildConfigurationList = DE01190925CD3A3800D0BB87 /* Build configuration list for PBXProject "FoodPin" */;
			compatibilityVersion = "Xcode 9.3";
			developmentRegion = en;
			hasScannedForEncodings = 0;
			knownRegions = (
				en,
				Base,
			);
			mainGroup = DE01190525CD3A3800D0BB87;
			productRefGroup = DE01190F25CD3A3800D0BB87 /* Products */;
			projectDirPath = "";
			projectRoot = "";
			targets = (
				DE01190D25CD3A3800D0BB87 /* FoodPin */,
			);
		};
/* End PBXProject section */

/* Begin PBXResourcesBuildPhase section */
		DE01190C25CD3A3800D0BB87 /* Resources */ = {
			isa = PBXResourcesBuildPhase;
			buildActionMask = 2147483647;
			files = (
				DE22553925D178E60047B8F0 /* Nunito-Regular.ttf in Resources */,
				DE01191E25CD3A3900D0BB87 /* LaunchScreen.storyboard in Resources */,
				DE01191B25CD3A3900D0BB87 /* Assets.xcassets in Resources */,
				DE22553825D178E60047B8F0 /* Nunito-Bold.ttf in Resources */,
				DE01191925CD3A3800D0BB87 /* Main.storyboard in Resources */,
			);
			runOnlyForDeploymentPostprocessing = 0;
		};
/* End PBXResourcesBuildPhase section */

/* Begin PBXSourcesBuildPhase section */
		DE01190A25CD3A3800D0BB87 /* Sources */ = {
			isa = PBXSourcesBuildPhase;
			buildActionMask = 2147483647;
			files = (
				DE01193225CD446200D0BB87 /* Restaurant.swift in Sources */,
				DE01192F25CD415B00D0BB87 /* RestaurantTableViewCell.swift in Sources */,
				DED1117B25DAB46200B946A9 /* RestaurantDetailTextCell.swift in Sources */,
				DE01191225CD3A3800D0BB87 /* AppDelegate.swift in Sources */,
				DE01191425CD3A3800D0BB87 /* SceneDelegate.swift in Sources */,
				DE7FE72925CD80F600A075AA /* RestaurantTableViewController+Extensions.swift in Sources */,
				DED1117E25DAB64000B946A9 /* RestaurantDetailTwoColumnCell.swift in Sources */,
				DE25CBE225DBF700009B2098 /* UIColor+Extensions.swift in Sources */,
				DE25CBE525DC05B9009B2098 /* NavigationController.swift in Sources */,
				DE22553C25D180FF0047B8F0 /* RestaurantDetailsHeaderView.swift in Sources */,
				DE7FE72C25CD84DB00A075AA /* RestaurantDiffableDataSource.swift in Sources */,
				DE22552E25D162C10047B8F0 /* RestaurantDetailsViewController.swift in Sources */,
				DE01192C25CD3B3900D0BB87 /* RestaurantTableViewController.swift in Sources */,
			);
			runOnlyForDeploymentPostprocessing = 0;
		};
/* End PBXSourcesBuildPhase section */

/* Begin PBXVariantGroup section */
		DE01191725CD3A3800D0BB87 /* Main.storyboard */ = {
			isa = PBXVariantGroup;
			children = (
				DE01191825CD3A3800D0BB87 /* Base */,
			);
			name = Main.storyboard;
			sourceTree = "<group>";
		};
		DE01191C25CD3A3900D0BB87 /* LaunchScreen.storyboard */ = {
			isa = PBXVariantGroup;
			children = (
				DE01191D25CD3A3900D0BB87 /* Base */,
			);
			name = LaunchScreen.storyboard;
			sourceTree = "<group>";
		};
/* End PBXVariantGroup section */

/* Begin XCBuildConfiguration section */
		DE01192025CD3A3900D0BB87 /* Debug */ = {
			isa = XCBuildConfiguration;
			buildSettings = {
				ALWAYS_SEARCH_USER_PATHS = NO;
				CLANG_ANALYZER_NONNULL = YES;
				CLANG_ANALYZER_NUMBER_OBJECT_CONVERSION = YES_AGGRESSIVE;
				CLANG_CXX_LANGUAGE_STANDARD = "gnu++14";
				CLANG_CXX_LIBRARY = "libc++";
				CLANG_ENABLE_MODULES = YES;
				CLANG_ENABLE_OBJC_ARC = YES;
				CLANG_ENABLE_OBJC_WEAK = YES;
				CLANG_WARN_BLOCK_CAPTURE_AUTORELEASING = YES;
				CLANG_WARN_BOOL_CONVERSION = YES;
				CLANG_WARN_COMMA = YES;
				CLANG_WARN_CONSTANT_CONVERSION = YES;
				CLANG_WARN_DEPRECATED_OBJC_IMPLEMENTATIONS = YES;
				CLANG_WARN_DIRECT_OBJC_ISA_USAGE = YES_ERROR;
				CLANG_WARN_DOCUMENTATION_COMMENTS = YES;
				CLANG_WARN_EMPTY_BODY = YES;
				CLANG_WARN_ENUM_CONVERSION = YES;
				CLANG_WARN_INFINITE_RECURSION = YES;
				CLANG_WARN_INT_CONVERSION = YES;
				CLANG_WARN_NON_LITERAL_NULL_CONVERSION = YES;
				CLANG_WARN_OBJC_IMPLICIT_RETAIN_SELF = YES;
				CLANG_WARN_OBJC_LITERAL_CONVERSION = YES;
				CLANG_WARN_OBJC_ROOT_CLASS = YES_ERROR;
				CLANG_WARN_QUOTED_INCLUDE_IN_FRAMEWORK_HEADER = YES;
				CLANG_WARN_RANGE_LOOP_ANALYSIS = YES;
				CLANG_WARN_STRICT_PROTOTYPES = YES;
				CLANG_WARN_SUSPICIOUS_MOVE = YES;
				CLANG_WARN_UNGUARDED_AVAILABILITY = YES_AGGRESSIVE;
				CLANG_WARN_UNREACHABLE_CODE = YES;
				CLANG_WARN__DUPLICATE_METHOD_MATCH = YES;
				COPY_PHASE_STRIP = NO;
				DEBUG_INFORMATION_FORMAT = dwarf;
				ENABLE_STRICT_OBJC_MSGSEND = YES;
				ENABLE_TESTABILITY = YES;
				GCC_C_LANGUAGE_STANDARD = gnu11;
				GCC_DYNAMIC_NO_PIC = NO;
				GCC_NO_COMMON_BLOCKS = YES;
				GCC_OPTIMIZATION_LEVEL = 0;
				GCC_PREPROCESSOR_DEFINITIONS = (
					"DEBUG=1",
					"$(inherited)",
				);
				GCC_WARN_64_TO_32_BIT_CONVERSION = YES;
				GCC_WARN_ABOUT_RETURN_TYPE = YES_ERROR;
				GCC_WARN_UNDECLARED_SELECTOR = YES;
				GCC_WARN_UNINITIALIZED_AUTOS = YES_AGGRESSIVE;
				GCC_WARN_UNUSED_FUNCTION = YES;
				GCC_WARN_UNUSED_VARIABLE = YES;
				IPHONEOS_DEPLOYMENT_TARGET = 14.4;
				MTL_ENABLE_DEBUG_INFO = INCLUDE_SOURCE;
				MTL_FAST_MATH = YES;
				ONLY_ACTIVE_ARCH = YES;
				SDKROOT = iphoneos;
				SWIFT_ACTIVE_COMPILATION_CONDITIONS = DEBUG;
				SWIFT_OPTIMIZATION_LEVEL = "-Onone";
			};
			name = Debug;
		};
		DE01192125CD3A3900D0BB87 /* Release */ = {
			isa = XCBuildConfiguration;
			buildSettings = {
				ALWAYS_SEARCH_USER_PATHS = NO;
				CLANG_ANALYZER_NONNULL = YES;
				CLANG_ANALYZER_NUMBER_OBJECT_CONVERSION = YES_AGGRESSIVE;
				CLANG_CXX_LANGUAGE_STANDARD = "gnu++14";
				CLANG_CXX_LIBRARY = "libc++";
				CLANG_ENABLE_MODULES = YES;
				CLANG_ENABLE_OBJC_ARC = YES;
				CLANG_ENABLE_OBJC_WEAK = YES;
				CLANG_WARN_BLOCK_CAPTURE_AUTORELEASING = YES;
				CLANG_WARN_BOOL_CONVERSION = YES;
				CLANG_WARN_COMMA = YES;
				CLANG_WARN_CONSTANT_CONVERSION = YES;
				CLANG_WARN_DEPRECATED_OBJC_IMPLEMENTATIONS = YES;
				CLANG_WARN_DIRECT_OBJC_ISA_USAGE = YES_ERROR;
				CLANG_WARN_DOCUMENTATION_COMMENTS = YES;
				CLANG_WARN_EMPTY_BODY = YES;
				CLANG_WARN_ENUM_CONVERSION = YES;
				CLANG_WARN_INFINITE_RECURSION = YES;
				CLANG_WARN_INT_CONVERSION = YES;
				CLANG_WARN_NON_LITERAL_NULL_CONVERSION = YES;
				CLANG_WARN_OBJC_IMPLICIT_RETAIN_SELF = YES;
				CLANG_WARN_OBJC_LITERAL_CONVERSION = YES;
				CLANG_WARN_OBJC_ROOT_CLASS = YES_ERROR;
				CLANG_WARN_QUOTED_INCLUDE_IN_FRAMEWORK_HEADER = YES;
				CLANG_WARN_RANGE_LOOP_ANALYSIS = YES;
				CLANG_WARN_STRICT_PROTOTYPES = YES;
				CLANG_WARN_SUSPICIOUS_MOVE = YES;
				CLANG_WARN_UNGUARDED_AVAILABILITY = YES_AGGRESSIVE;
				CLANG_WARN_UNREACHABLE_CODE = YES;
				CLANG_WARN__DUPLICATE_METHOD_MATCH = YES;
				COPY_PHASE_STRIP = NO;
				DEBUG_INFORMATION_FORMAT = "dwarf-with-dsym";
				ENABLE_NS_ASSERTIONS = NO;
				ENABLE_STRICT_OBJC_MSGSEND = YES;
				GCC_C_LANGUAGE_STANDARD = gnu11;
				GCC_NO_COMMON_BLOCKS = YES;
				GCC_WARN_64_TO_32_BIT_CONVERSION = YES;
				GCC_WARN_ABOUT_RETURN_TYPE = YES_ERROR;
				GCC_WARN_UNDECLARED_SELECTOR = YES;
				GCC_WARN_UNINITIALIZED_AUTOS = YES_AGGRESSIVE;
				GCC_WARN_UNUSED_FUNCTION = YES;
				GCC_WARN_UNUSED_VARIABLE = YES;
				IPHONEOS_DEPLOYMENT_TARGET = 14.4;
				MTL_ENABLE_DEBUG_INFO = NO;
				MTL_FAST_MATH = YES;
				SDKROOT = iphoneos;
				SWIFT_COMPILATION_MODE = wholemodule;
				SWIFT_OPTIMIZATION_LEVEL = "-O";
				VALIDATE_PRODUCT = YES;
			};
			name = Release;
		};
		DE01192325CD3A3900D0BB87 /* Debug */ = {
			isa = XCBuildConfiguration;
			buildSettings = {
				ASSETCATALOG_COMPILER_APPICON_NAME = AppIcon;
				ASSETCATALOG_COMPILER_GLOBAL_ACCENT_COLOR_NAME = AccentColor;
				CODE_SIGN_STYLE = Automatic;
				DEVELOPMENT_TEAM = 5ZWZB58683;
				INFOPLIST_FILE = FoodPin/Resources/Info.plist;
				LD_RUNPATH_SEARCH_PATHS = (
					"$(inherited)",
					"@executable_path/Frameworks",
				);
				PRODUCT_BUNDLE_IDENTIFIER = com.vladstanescu.FoodPin;
				PRODUCT_NAME = "$(TARGET_NAME)";
				SWIFT_VERSION = 5.0;
				TARGETED_DEVICE_FAMILY = "1,2";
			};
			name = Debug;
		};
		DE01192425CD3A3900D0BB87 /* Release */ = {
			isa = XCBuildConfiguration;
			buildSettings = {
				ASSETCATALOG_COMPILER_APPICON_NAME = AppIcon;
				ASSETCATALOG_COMPILER_GLOBAL_ACCENT_COLOR_NAME = AccentColor;
				CODE_SIGN_STYLE = Automatic;
				DEVELOPMENT_TEAM = 5ZWZB58683;
				INFOPLIST_FILE = FoodPin/Resources/Info.plist;
				LD_RUNPATH_SEARCH_PATHS = (
					"$(inherited)",
					"@executable_path/Frameworks",
				);
				PRODUCT_BUNDLE_IDENTIFIER = com.vladstanescu.FoodPin;
				PRODUCT_NAME = "$(TARGET_NAME)";
				SWIFT_VERSION = 5.0;
				TARGETED_DEVICE_FAMILY = "1,2";
			};
			name = Release;
		};
/* End XCBuildConfiguration section */

/* Begin XCConfigurationList section */
		DE01190925CD3A3800D0BB87 /* Build configuration list for PBXProject "FoodPin" */ = {
			isa = XCConfigurationList;
			buildConfigurations = (
				DE01192025CD3A3900D0BB87 /* Debug */,
				DE01192125CD3A3900D0BB87 /* Release */,
			);
			defaultConfigurationIsVisible = 0;
			defaultConfigurationName = Release;
		};
		DE01192225CD3A3900D0BB87 /* Build configuration list for PBXNativeTarget "FoodPin" */ = {
			isa = XCConfigurationList;
			buildConfigurations = (
				DE01192325CD3A3900D0BB87 /* Debug */,
				DE01192425CD3A3900D0BB87 /* Release */,
			);
			defaultConfigurationIsVisible = 0;
			defaultConfigurationName = Release;
		};
/* End XCConfigurationList section */
	};
	rootObject = DE01190625CD3A3800D0BB87 /* Project object */;
}
